// !$*UTF8*$!
{
	archiveVersion = 1;
	classes = {
	};
	objectVersion = 46;
	objects = {

/* Begin PBXBuildFile section */
		EE3126281ED3CD2C004ACACF /* WordBreak.swift in Sources */ = {isa = PBXBuildFile; fileRef = EE3126271ED3CD2C004ACACF /* WordBreak.swift */; };
		EE31262A1ED3D0E9004ACACF /* MergeIntervals.swift in Sources */ = {isa = PBXBuildFile; fileRef = EE3126291ED3D0E9004ACACF /* MergeIntervals.swift */; };
		EE31262F1ED54C6D004ACACF /* CloneGraph.swift in Sources */ = {isa = PBXBuildFile; fileRef = EE31262E1ED54C6D004ACACF /* CloneGraph.swift */; };
		EE3126311ED55245004ACACF /* LowestCommonAncestor.swift in Sources */ = {isa = PBXBuildFile; fileRef = EE3126301ED55245004ACACF /* LowestCommonAncestor.swift */; };
		EE3126331ED8F1E2004ACACF /* InsertDeleteGetRandom.swift in Sources */ = {isa = PBXBuildFile; fileRef = EE3126321ED8F1E2004ACACF /* InsertDeleteGetRandom.swift */; };
		EE3126351ED9061E004ACACF /* RandomPickIndex.swift in Sources */ = {isa = PBXBuildFile; fileRef = EE3126341ED9061E004ACACF /* RandomPickIndex.swift */; };
		EE3126371EDB23D7004ACACF /* WordLadder.swift in Sources */ = {isa = PBXBuildFile; fileRef = EE3126361EDB23D7004ACACF /* WordLadder.swift */; };
		EE380BEA1F01E913002B0F12 /* FindMedianOfDataStream.swift in Sources */ = {isa = PBXBuildFile; fileRef = EE380BE91F01E913002B0F12 /* FindMedianOfDataStream.swift */; };
		EE380BED1F01F291002B0F12 /* WebService.swift in Sources */ = {isa = PBXBuildFile; fileRef = EE380BEC1F01F291002B0F12 /* WebService.swift */; };
		EE380BEF1F033D7C002B0F12 /* LongestSubstringWithoutRepeatingCharacters.swift in Sources */ = {isa = PBXBuildFile; fileRef = EE380BEE1F033D7C002B0F12 /* LongestSubstringWithoutRepeatingCharacters.swift */; };
		EE3D77371EE8D0A400490463 /* ContiguousArray.swift in Sources */ = {isa = PBXBuildFile; fileRef = EE3D77361EE8D0A400490463 /* ContiguousArray.swift */; };
		EE3D77391EEA3B2900490463 /* ContinuousSubarraySum.swift in Sources */ = {isa = PBXBuildFile; fileRef = EE3D77381EEA3B2900490463 /* ContinuousSubarraySum.swift */; };
		EE3D773B1EEA4C7400490463 /* TotalHammingDistance.swift in Sources */ = {isa = PBXBuildFile; fileRef = EE3D773A1EEA4C7400490463 /* TotalHammingDistance.swift */; };
		EE48E7E11EDB91A200C91A87 /* RandomizedSet.swift in Sources */ = {isa = PBXBuildFile; fileRef = EE48E7E01EDB91A200C91A87 /* RandomizedSet.swift */; };
		EE48E7E31EE13BB400C91A87 /* CancelableJob.swift in Sources */ = {isa = PBXBuildFile; fileRef = EE48E7E21EE13BB300C91A87 /* CancelableJob.swift */; };
		EE4C146C1F0497EF002F25C6 /* BinaryTreeLongestConsecutiveSequence.swift in Sources */ = {isa = PBXBuildFile; fileRef = EE4C146B1F0497EF002F25C6 /* BinaryTreeLongestConsecutiveSequence.swift */; };
		EE69A4D31EE31C7600FE95BB /* KVCExperiment.swift in Sources */ = {isa = PBXBuildFile; fileRef = EE69A4D21EE31C7600FE95BB /* KVCExperiment.swift */; };
		EE69A4D51EE34DBE00FE95BB /* SlidingWindowMedian.swift in Sources */ = {isa = PBXBuildFile; fileRef = EE69A4D41EE34DBE00FE95BB /* SlidingWindowMedian.swift */; };
		EE69A4D71EE3584700FE95BB /* FlattenNestedListIterator.swift in Sources */ = {isa = PBXBuildFile; fileRef = EE69A4D61EE3584700FE95BB /* FlattenNestedListIterator.swift */; };
		EE69A4D91EE370AE00FE95BB /* TreeNode.swift in Sources */ = {isa = PBXBuildFile; fileRef = EE69A4D81EE370AE00FE95BB /* TreeNode.swift */; };
		EE69A4DB1EE45E9000FE95BB /* TreeInorderTraversal.swift in Sources */ = {isa = PBXBuildFile; fileRef = EE69A4DA1EE45E9000FE95BB /* TreeInorderTraversal.swift */; };
		EE69A4DD1EE49F4E00FE95BB /* FindView.swift in Sources */ = {isa = PBXBuildFile; fileRef = EE69A4DC1EE49F4E00FE95BB /* FindView.swift */; };
		EE81BDD61EE7AEE900E662ED /* HIndexII.swift in Sources */ = {isa = PBXBuildFile; fileRef = EE81BDD51EE7AEE900E662ED /* HIndexII.swift */; };
		EE81BDDA1EE7B4D300E662ED /* RemoveDuplicatesfromSortedArray.swift in Sources */ = {isa = PBXBuildFile; fileRef = EE81BDD91EE7B4D300E662ED /* RemoveDuplicatesfromSortedArray.swift */; };
		EE81BDDC1EE7B8E000E662ED /* SortColors.swift in Sources */ = {isa = PBXBuildFile; fileRef = EE81BDDB1EE7B8E000E662ED /* SortColors.swift */; };
		EE81BDDE1EE7B9F700E662ED /* Subsets.swift in Sources */ = {isa = PBXBuildFile; fileRef = EE81BDDD1EE7B9F700E662ED /* Subsets.swift */; };
		EE81BDE01EE7BB2400E662ED /* MaximalRectangle.swift in Sources */ = {isa = PBXBuildFile; fileRef = EE81BDDF1EE7BB2400E662ED /* MaximalRectangle.swift */; };
		EE81BDE21EE8C45400E662ED /* PaintHouse.swift in Sources */ = {isa = PBXBuildFile; fileRef = EE81BDE11EE8C45400E662ED /* PaintHouse.swift */; };
		EE81BDE41EE8CF3500E662ED /* RegularExpressionMatching.swift in Sources */ = {isa = PBXBuildFile; fileRef = EE81BDE31EE8CF3500E662ED /* RegularExpressionMatching.swift */; };
		EE81BDE61EE8CFF600E662ED /* BinarySearchTreeIterator.swift in Sources */ = {isa = PBXBuildFile; fileRef = EE81BDE51EE8CFF600E662ED /* BinarySearchTreeIterator.swift */; };
		EEA99D7B1ECE810400CF65AD /* AppDelegate.swift in Sources */ = {isa = PBXBuildFile; fileRef = EEA99D7A1ECE810400CF65AD /* AppDelegate.swift */; };
		EEA99D7D1ECE810400CF65AD /* ViewController.swift in Sources */ = {isa = PBXBuildFile; fileRef = EEA99D7C1ECE810400CF65AD /* ViewController.swift */; };
		EEA99D7F1ECE810400CF65AD /* Assets.xcassets in Resources */ = {isa = PBXBuildFile; fileRef = EEA99D7E1ECE810400CF65AD /* Assets.xcassets */; };
		EEA99D821ECE810400CF65AD /* Main.storyboard in Resources */ = {isa = PBXBuildFile; fileRef = EEA99D801ECE810400CF65AD /* Main.storyboard */; };
		EEA99D8D1ECE810400CF65AD /* FacebookInterviewTests.swift in Sources */ = {isa = PBXBuildFile; fileRef = EEA99D8C1ECE810400CF65AD /* FacebookInterviewTests.swift */; };
		EEA99D9A1ECE816700CF65AD /* ImplementTrie.swift in Sources */ = {isa = PBXBuildFile; fileRef = EEA99D991ECE816700CF65AD /* ImplementTrie.swift */; };
		EEA99D9C1ECE83C200CF65AD /* utils.swift in Sources */ = {isa = PBXBuildFile; fileRef = EEA99D9B1ECE83C200CF65AD /* utils.swift */; };
		EEA99D9F1ECE89D100CF65AD /* AddAndSearchWord.swift in Sources */ = {isa = PBXBuildFile; fileRef = EEA99D9E1ECE89D100CF65AD /* AddAndSearchWord.swift */; };
		EEBD1E171EEC581A001FB32F /* DecodeWays.swift in Sources */ = {isa = PBXBuildFile; fileRef = EEBD1E161EEC581A001FB32F /* DecodeWays.swift */; };
		EEBD1E191EEC5D8C001FB32F /* GroupAnagrams.swift in Sources */ = {isa = PBXBuildFile; fileRef = EEBD1E181EEC5D8C001FB32F /* GroupAnagrams.swift */; };
		EEBD1E1B1EEC64D4001FB32F /* WordSearch.swift in Sources */ = {isa = PBXBuildFile; fileRef = EEBD1E1A1EEC64D4001FB32F /* WordSearch.swift */; };
		EEBD1E1D1EEC68DC001FB32F /* ProductOfArrayExceptSelf.swift in Sources */ = {isa = PBXBuildFile; fileRef = EEBD1E1C1EEC68DC001FB32F /* ProductOfArrayExceptSelf.swift */; };
		EEBD1E1F1EEC6E93001FB32F /* MeetingRoom.swift in Sources */ = {isa = PBXBuildFile; fileRef = EEBD1E1E1EEC6E93001FB32F /* MeetingRoom.swift */; };
		EEBD1E211EEC9B2D001FB32F /* MinimumSizeSubarraySum.swift in Sources */ = {isa = PBXBuildFile; fileRef = EEBD1E201EEC9B2D001FB32F /* MinimumSizeSubarraySum.swift */; };
		EEBD1E231EECA045001FB32F /* MaximumSizeSubarraySumEqualsK.swift in Sources */ = {isa = PBXBuildFile; fileRef = EEBD1E221EECA045001FB32F /* MaximumSizeSubarraySumEqualsK.swift */; };
		EEBD1E251EECA067001FB32F /* 3Sum.swift in Sources */ = {isa = PBXBuildFile; fileRef = EEBD1E241EECA067001FB32F /* 3Sum.swift */; };
		EEBD1E271EECA56C001FB32F /* FindtheCelebrity.swift in Sources */ = {isa = PBXBuildFile; fileRef = EEBD1E261EECA56C001FB32F /* FindtheCelebrity.swift */; };
		EEBD1E291EECA6F3001FB32F /* SearchinRotatedSortedArray.swift in Sources */ = {isa = PBXBuildFile; fileRef = EEBD1E281EECA6F3001FB32F /* SearchinRotatedSortedArray.swift */; };
		EEBD1E2B1EECB985001FB32F /* BinaryTreeVerticalOrderTraverse.swift in Sources */ = {isa = PBXBuildFile; fileRef = EEBD1E2A1EECB985001FB32F /* BinaryTreeVerticalOrderTraverse.swift */; };
		EEBD1E2D1EECC17A001FB32F /* MultiplyStrings.swift in Sources */ = {isa = PBXBuildFile; fileRef = EEBD1E2C1EECC17A001FB32F /* MultiplyStrings.swift */; };
		EEBD1E2F1EEDA7C3001FB32F /* BinaryTreeLevelOrderTraversal.swift in Sources */ = {isa = PBXBuildFile; fileRef = EEBD1E2E1EEDA7C3001FB32F /* BinaryTreeLevelOrderTraversal.swift */; };
		EEBD1E311EEDABF2001FB32F /* NumberOfIslands.swift in Sources */ = {isa = PBXBuildFile; fileRef = EEBD1E301EEDABF2001FB32F /* NumberOfIslands.swift */; };
		EEBD1E331EEDAC80001FB32F /* CourseSchedule.swift in Sources */ = {isa = PBXBuildFile; fileRef = EEBD1E321EEDAC80001FB32F /* CourseSchedule.swift */; };
		EEBD1E351EEDCCE2001FB32F /* KthLargestElementInAnArray.swift in Sources */ = {isa = PBXBuildFile; fileRef = EEBD1E341EEDCCE2001FB32F /* KthLargestElementInAnArray.swift */; };
		EEBD1E371EEDD10B001FB32F /* BrickWalls.swift in Sources */ = {isa = PBXBuildFile; fileRef = EEBD1E361EEDD10B001FB32F /* BrickWalls.swift */; };
		EEBD1E391EEDF3EC001FB32F /* TargetSum.swift in Sources */ = {isa = PBXBuildFile; fileRef = EEBD1E381EEDF3EC001FB32F /* TargetSum.swift */; };
		EEBD1E3B1EEDF43E001FB32F /* IncreasengTripletSubSequence.swift in Sources */ = {isa = PBXBuildFile; fileRef = EEBD1E3A1EEDF43E001FB32F /* IncreasengTripletSubSequence.swift */; };
		EEBD1E3D1EEE0B9C001FB32F /* MyPow.swift in Sources */ = {isa = PBXBuildFile; fileRef = EEBD1E3C1EEE0B9C001FB32F /* MyPow.swift */; };
		EEBD1E3F1EEE0F71001FB32F /* LetterCombinationsofaPhoneNumber.swift in Sources */ = {isa = PBXBuildFile; fileRef = EEBD1E3E1EEE0F71001FB32F /* LetterCombinationsofaPhoneNumber.swift */; };
		EEBD1E411EEE1839001FB32F /* CombinationSum.swift in Sources */ = {isa = PBXBuildFile; fileRef = EEBD1E401EEE1839001FB32F /* CombinationSum.swift */; };
		EEBD1E471EEF4B8F001FB32F /* WallsAndGates.swift in Sources */ = {isa = PBXBuildFile; fileRef = EEBD1E461EEF4B8F001FB32F /* WallsAndGates.swift */; };
		EEBD1E491EEF4BDD001FB32F /* MaximumSquare.swift in Sources */ = {isa = PBXBuildFile; fileRef = EEBD1E481EEF4BDD001FB32F /* MaximumSquare.swift */; };
		EEBD1E4B1EEF4E8A001FB32F /* PopulatingNextRightPointersinEachNode.swift in Sources */ = {isa = PBXBuildFile; fileRef = EEBD1E4A1EEF4E8A001FB32F /* PopulatingNextRightPointersinEachNode.swift */; };
		EEBD1E4D1EEF54FC001FB32F /* SimplifyPath.swift in Sources */ = {isa = PBXBuildFile; fileRef = EEBD1E4C1EEF54FC001FB32F /* SimplifyPath.swift */; };
		EEBD1E4F1EEF5BCA001FB32F /* OneEditDistance.swift in Sources */ = {isa = PBXBuildFile; fileRef = EEBD1E4E1EEF5BCA001FB32F /* OneEditDistance.swift */; };
		EEBD1E511EEF5F08001FB32F /* InorderSuccessorinBST.swift in Sources */ = {isa = PBXBuildFile; fileRef = EEBD1E501EEF5F08001FB32F /* InorderSuccessorinBST.swift */; };
		EEBD1E531EEF613E001FB32F /* GraphValidTree.swift in Sources */ = {isa = PBXBuildFile; fileRef = EEBD1E521EEF613E001FB32F /* GraphValidTree.swift */; };
		EEBD1E551EEF8177001FB32F /* ExpressionAddOperators.swift in Sources */ = {isa = PBXBuildFile; fileRef = EEBD1E541EEF8177001FB32F /* ExpressionAddOperators.swift */; };
		EEBD1E571EF09ED6001FB32F /* MinimumWindowSubstring.swift in Sources */ = {isa = PBXBuildFile; fileRef = EEBD1E561EF09ED6001FB32F /* MinimumWindowSubstring.swift */; };
		EEBD1E591EF0A26E001FB32F /* MergeKSortedLists.swift in Sources */ = {isa = PBXBuildFile; fileRef = EEBD1E581EF0A26E001FB32F /* MergeKSortedLists.swift */; };
		EEBD1E5B1EF0A2E2001FB32F /* RemoveInvalidParentheses.swift in Sources */ = {isa = PBXBuildFile; fileRef = EEBD1E5A1EF0A2E2001FB32F /* RemoveInvalidParentheses.swift */; };
		EEBD1E5D1EF0A30D001FB32F /* SplitArrayLargestSum.swift in Sources */ = {isa = PBXBuildFile; fileRef = EEBD1E5C1EF0A30D001FB32F /* SplitArrayLargestSum.swift */; };
		EEBD1E5F1EF0C09A001FB32F /* LongestConsecutiveSequence.swift in Sources */ = {isa = PBXBuildFile; fileRef = EEBD1E5E1EF0C09A001FB32F /* LongestConsecutiveSequence.swift */; };
		EEBD1E611EF21BFF001FB32F /* SerializeandDeserializeBinaryTree.swift in Sources */ = {isa = PBXBuildFile; fileRef = EEBD1E601EF21BFF001FB32F /* SerializeandDeserializeBinaryTree.swift */; };
		EEBD1E631EF222E8001FB32F /* TreeNodeTraverse.swift in Sources */ = {isa = PBXBuildFile; fileRef = EEBD1E621EF222E8001FB32F /* TreeNodeTraverse.swift */; };
		EEBD1E651EF22DEF001FB32F /* InsertInterval.swift in Sources */ = {isa = PBXBuildFile; fileRef = EEBD1E641EF22DEF001FB32F /* InsertInterval.swift */; };
		EEBD1E671EF33EF6001FB32F /* LRU.swift in Sources */ = {isa = PBXBuildFile; fileRef = EEBD1E661EF33EF6001FB32F /* LRU.swift */; };
		EEBD1E691EF34802001FB32F /* ReverseNodesInkGroup.swift in Sources */ = {isa = PBXBuildFile; fileRef = EEBD1E681EF34802001FB32F /* ReverseNodesInkGroup.swift */; };
		EEBD1E6B1EF35750001FB32F /* AlienDictionary.swift in Sources */ = {isa = PBXBuildFile; fileRef = EEBD1E6A1EF35750001FB32F /* AlienDictionary.swift */; };
		EEBD1E6D1EF36DE7001FB32F /* IntegerToEnglishWord.swift in Sources */ = {isa = PBXBuildFile; fileRef = EEBD1E6C1EF36DE7001FB32F /* IntegerToEnglishWord.swift */; };
		EEBD1E6F1EF36E21001FB32F /* WildMatching.swift in Sources */ = {isa = PBXBuildFile; fileRef = EEBD1E6E1EF36E21001FB32F /* WildMatching.swift */; };
		EEBD1E711EF426DB001FB32F /* ConstructBianryTree.swift in Sources */ = {isa = PBXBuildFile; fileRef = EEBD1E701EF426DB001FB32F /* ConstructBianryTree.swift */; };
		EEBD1E751EF466B6001FB32F /* DismeterOfBinaryTree.swift in Sources */ = {isa = PBXBuildFile; fileRef = EEBD1E741EF466B6001FB32F /* DismeterOfBinaryTree.swift */; };
		EEBD1E791EF46896001FB32F /* AddBinary.swift in Sources */ = {isa = PBXBuildFile; fileRef = EEBD1E781EF46896001FB32F /* AddBinary.swift */; };
		EEBD1E7B1EF468C8001FB32F /* HammingDistance.swift in Sources */ = {isa = PBXBuildFile; fileRef = EEBD1E7A1EF468C8001FB32F /* HammingDistance.swift */; };
		EEBD1E7E1EF4693F001FB32F /* CountAndSay.swift in Sources */ = {isa = PBXBuildFile; fileRef = EEBD1E7D1EF4693F001FB32F /* CountAndSay.swift */; };
		EEBD1E801EF46A26001FB32F /* SqrtX.swift in Sources */ = {isa = PBXBuildFile; fileRef = EEBD1E7F1EF46A26001FB32F /* SqrtX.swift */; };
		EEBD1E821EF46A4B001FB32F /* BestTimeToSellStock.swift in Sources */ = {isa = PBXBuildFile; fileRef = EEBD1E811EF46A4B001FB32F /* BestTimeToSellStock.swift */; };
		EEBD1E841EF46B27001FB32F /* SubtreeOfAnotherTree.swift in Sources */ = {isa = PBXBuildFile; fileRef = EEBD1E831EF46B27001FB32F /* SubtreeOfAnotherTree.swift */; };
		EEBD1E861EF47209001FB32F /* Parentheses.swift in Sources */ = {isa = PBXBuildFile; fileRef = EEBD1E851EF47209001FB32F /* Parentheses.swift */; };
		EEBD1E881EF472DF001FB32F /* BinaryTreepaths.swift in Sources */ = {isa = PBXBuildFile; fileRef = EEBD1E871EF472DF001FB32F /* BinaryTreepaths.swift */; };
		EEBD1E8A1EF4738F001FB32F /* ValidPalindrome.swift in Sources */ = {isa = PBXBuildFile; fileRef = EEBD1E891EF4738F001FB32F /* ValidPalindrome.swift */; };
		EEBD1E8C1EF473FC001FB32F /* MoveZero.swift in Sources */ = {isa = PBXBuildFile; fileRef = EEBD1E8B1EF473FC001FB32F /* MoveZero.swift */; };
		EEBD1E8E1EF47476001FB32F /* TwoSum.swift in Sources */ = {isa = PBXBuildFile; fileRef = EEBD1E8D1EF47476001FB32F /* TwoSum.swift */; };
		EEBD1E901EF47571001FB32F /* RomanToInteger.swift in Sources */ = {isa = PBXBuildFile; fileRef = EEBD1E8F1EF47571001FB32F /* RomanToInteger.swift */; };
		EEBD1E921EF475AA001FB32F /* MergeSortedArray.swift in Sources */ = {isa = PBXBuildFile; fileRef = EEBD1E911EF475AA001FB32F /* MergeSortedArray.swift */; };
		EEBD1E941EF475FD001FB32F /* StrStr.swift in Sources */ = {isa = PBXBuildFile; fileRef = EEBD1E931EF475FD001FB32F /* StrStr.swift */; };
		EEBD1E961EF47652001FB32F /* PalindromeLinkedList.swift in Sources */ = {isa = PBXBuildFile; fileRef = EEBD1E951EF47652001FB32F /* PalindromeLinkedList.swift */; };
		EEBD1E981EF476CE001FB32F /* SumOfLeftLeaves.swift in Sources */ = {isa = PBXBuildFile; fileRef = EEBD1E971EF476CE001FB32F /* SumOfLeftLeaves.swift */; };
		EECF8D8D1EFC90ED003FC2D3 /* KNearestPointToOrigin.swift in Sources */ = {isa = PBXBuildFile; fileRef = EECF8D8C1EFC90ED003FC2D3 /* KNearestPointToOrigin.swift */; };
		EECF8D901EFC995C003FC2D3 /* DotProductOfTwoVector.swift in Sources */ = {isa = PBXBuildFile; fileRef = EECF8D8F1EFC995C003FC2D3 /* DotProductOfTwoVector.swift */; };
		EECF8D921EFDB74F003FC2D3 /* ShuffleAnArray.swift in Sources */ = {isa = PBXBuildFile; fileRef = EECF8D911EFDB74F003FC2D3 /* ShuffleAnArray.swift */; };
		EECF8D941EFDCBAE003FC2D3 /* ReadNCharactersGivenRead4.swift in Sources */ = {isa = PBXBuildFile; fileRef = EECF8D931EFDCBAE003FC2D3 /* ReadNCharactersGivenRead4.swift */; };
		EECF8D961EFEE150003FC2D3 /* TaskSchedular.swift in Sources */ = {isa = PBXBuildFile; fileRef = EECF8D951EFEE150003FC2D3 /* TaskSchedular.swift */; };
		EECF8D981EFF174F003FC2D3 /* PrimeNumberCombinationProduct.swift in Sources */ = {isa = PBXBuildFile; fileRef = EECF8D971EFF174F003FC2D3 /* PrimeNumberCombinationProduct.swift */; };
		EECF8D9A1EFF196A003FC2D3 /* FindAllAnagramsInAString.swift in Sources */ = {isa = PBXBuildFile; fileRef = EECF8D991EFF196A003FC2D3 /* FindAllAnagramsInAString.swift */; };
		EECF8D9C1F002A62003FC2D3 /* LongestIncreasingSubsequence.swift in Sources */ = {isa = PBXBuildFile; fileRef = EECF8D9B1F002A62003FC2D3 /* LongestIncreasingSubsequence.swift */; };
		EECF8D9E1F00404D003FC2D3 /* IntersectionOfTwoArray.swift in Sources */ = {isa = PBXBuildFile; fileRef = EECF8D9D1F00404D003FC2D3 /* IntersectionOfTwoArray.swift */; };
		EECF8DA01F004B6B003FC2D3 /* IntersectionOfTwoArrayII.swift in Sources */ = {isa = PBXBuildFile; fileRef = EECF8D9F1F004B6B003FC2D3 /* IntersectionOfTwoArrayII.swift */; };
		EECF8DA21F006A75003FC2D3 /* EditDistance.swift in Sources */ = {isa = PBXBuildFile; fileRef = EECF8DA11F006A75003FC2D3 /* EditDistance.swift */; };
		EECF8DA41F01BF5A003FC2D3 /* FlattenBinaryTreeToLinkedList.swift in Sources */ = {isa = PBXBuildFile; fileRef = EECF8DA31F01BF5A003FC2D3 /* FlattenBinaryTreeToLinkedList.swift */; };
/* End PBXBuildFile section */

/* Begin PBXContainerItemProxy section */
		EEA99D891ECE810400CF65AD /* PBXContainerItemProxy */ = {
			isa = PBXContainerItemProxy;
			containerPortal = EEA99D6F1ECE810400CF65AD /* Project object */;
			proxyType = 1;
			remoteGlobalIDString = EEA99D761ECE810400CF65AD;
			remoteInfo = FacebookInterview;
		};
/* End PBXContainerItemProxy section */

/* Begin PBXFileReference section */
		EE3126271ED3CD2C004ACACF /* WordBreak.swift */ = {isa = PBXFileReference; fileEncoding = 4; lastKnownFileType = sourcecode.swift; path = WordBreak.swift; sourceTree = "<group>"; };
		EE3126291ED3D0E9004ACACF /* MergeIntervals.swift */ = {isa = PBXFileReference; fileEncoding = 4; lastKnownFileType = sourcecode.swift; path = MergeIntervals.swift; sourceTree = "<group>"; };
		EE31262E1ED54C6D004ACACF /* CloneGraph.swift */ = {isa = PBXFileReference; fileEncoding = 4; lastKnownFileType = sourcecode.swift; path = CloneGraph.swift; sourceTree = "<group>"; };
		EE3126301ED55245004ACACF /* LowestCommonAncestor.swift */ = {isa = PBXFileReference; fileEncoding = 4; lastKnownFileType = sourcecode.swift; path = LowestCommonAncestor.swift; sourceTree = "<group>"; };
		EE3126321ED8F1E2004ACACF /* InsertDeleteGetRandom.swift */ = {isa = PBXFileReference; fileEncoding = 4; lastKnownFileType = sourcecode.swift; path = InsertDeleteGetRandom.swift; sourceTree = "<group>"; };
		EE3126341ED9061E004ACACF /* RandomPickIndex.swift */ = {isa = PBXFileReference; fileEncoding = 4; lastKnownFileType = sourcecode.swift; path = RandomPickIndex.swift; sourceTree = "<group>"; };
		EE3126361EDB23D7004ACACF /* WordLadder.swift */ = {isa = PBXFileReference; fileEncoding = 4; lastKnownFileType = sourcecode.swift; path = WordLadder.swift; sourceTree = "<group>"; };
		EE380BE91F01E913002B0F12 /* FindMedianOfDataStream.swift */ = {isa = PBXFileReference; fileEncoding = 4; lastKnownFileType = sourcecode.swift; path = FindMedianOfDataStream.swift; sourceTree = "<group>"; };
		EE380BEC1F01F291002B0F12 /* WebService.swift */ = {isa = PBXFileReference; fileEncoding = 4; lastKnownFileType = sourcecode.swift; path = WebService.swift; sourceTree = "<group>"; };
		EE380BEE1F033D7C002B0F12 /* LongestSubstringWithoutRepeatingCharacters.swift */ = {isa = PBXFileReference; fileEncoding = 4; lastKnownFileType = sourcecode.swift; path = LongestSubstringWithoutRepeatingCharacters.swift; sourceTree = "<group>"; };
		EE3D77361EE8D0A400490463 /* ContiguousArray.swift */ = {isa = PBXFileReference; fileEncoding = 4; lastKnownFileType = sourcecode.swift; path = ContiguousArray.swift; sourceTree = "<group>"; };
		EE3D77381EEA3B2900490463 /* ContinuousSubarraySum.swift */ = {isa = PBXFileReference; fileEncoding = 4; lastKnownFileType = sourcecode.swift; path = ContinuousSubarraySum.swift; sourceTree = "<group>"; };
		EE3D773A1EEA4C7400490463 /* TotalHammingDistance.swift */ = {isa = PBXFileReference; fileEncoding = 4; lastKnownFileType = sourcecode.swift; path = TotalHammingDistance.swift; sourceTree = "<group>"; };
		EE48E7E01EDB91A200C91A87 /* RandomizedSet.swift */ = {isa = PBXFileReference; fileEncoding = 4; lastKnownFileType = sourcecode.swift; path = RandomizedSet.swift; sourceTree = "<group>"; };
		EE48E7E21EE13BB300C91A87 /* CancelableJob.swift */ = {isa = PBXFileReference; fileEncoding = 4; lastKnownFileType = sourcecode.swift; path = CancelableJob.swift; sourceTree = "<group>"; };
		EE4C146B1F0497EF002F25C6 /* BinaryTreeLongestConsecutiveSequence.swift */ = {isa = PBXFileReference; fileEncoding = 4; lastKnownFileType = sourcecode.swift; path = BinaryTreeLongestConsecutiveSequence.swift; sourceTree = "<group>"; };
		EE69A4D21EE31C7600FE95BB /* KVCExperiment.swift */ = {isa = PBXFileReference; fileEncoding = 4; lastKnownFileType = sourcecode.swift; path = KVCExperiment.swift; sourceTree = "<group>"; };
		EE69A4D41EE34DBE00FE95BB /* SlidingWindowMedian.swift */ = {isa = PBXFileReference; fileEncoding = 4; lastKnownFileType = sourcecode.swift; path = SlidingWindowMedian.swift; sourceTree = "<group>"; };
		EE69A4D61EE3584700FE95BB /* FlattenNestedListIterator.swift */ = {isa = PBXFileReference; fileEncoding = 4; lastKnownFileType = sourcecode.swift; path = FlattenNestedListIterator.swift; sourceTree = "<group>"; };
		EE69A4D81EE370AE00FE95BB /* TreeNode.swift */ = {isa = PBXFileReference; fileEncoding = 4; lastKnownFileType = sourcecode.swift; path = TreeNode.swift; sourceTree = "<group>"; };
		EE69A4DA1EE45E9000FE95BB /* TreeInorderTraversal.swift */ = {isa = PBXFileReference; fileEncoding = 4; lastKnownFileType = sourcecode.swift; path = TreeInorderTraversal.swift; sourceTree = "<group>"; };
		EE69A4DC1EE49F4E00FE95BB /* FindView.swift */ = {isa = PBXFileReference; fileEncoding = 4; lastKnownFileType = sourcecode.swift; path = FindView.swift; sourceTree = "<group>"; };
		EE81BDD51EE7AEE900E662ED /* HIndexII.swift */ = {isa = PBXFileReference; fileEncoding = 4; lastKnownFileType = sourcecode.swift; path = HIndexII.swift; sourceTree = "<group>"; };
		EE81BDD91EE7B4D300E662ED /* RemoveDuplicatesfromSortedArray.swift */ = {isa = PBXFileReference; fileEncoding = 4; lastKnownFileType = sourcecode.swift; path = RemoveDuplicatesfromSortedArray.swift; sourceTree = "<group>"; };
		EE81BDDB1EE7B8E000E662ED /* SortColors.swift */ = {isa = PBXFileReference; fileEncoding = 4; lastKnownFileType = sourcecode.swift; path = SortColors.swift; sourceTree = "<group>"; };
		EE81BDDD1EE7B9F700E662ED /* Subsets.swift */ = {isa = PBXFileReference; fileEncoding = 4; lastKnownFileType = sourcecode.swift; path = Subsets.swift; sourceTree = "<group>"; };
		EE81BDDF1EE7BB2400E662ED /* MaximalRectangle.swift */ = {isa = PBXFileReference; fileEncoding = 4; lastKnownFileType = sourcecode.swift; path = MaximalRectangle.swift; sourceTree = "<group>"; };
		EE81BDE11EE8C45400E662ED /* PaintHouse.swift */ = {isa = PBXFileReference; fileEncoding = 4; lastKnownFileType = sourcecode.swift; path = PaintHouse.swift; sourceTree = "<group>"; };
		EE81BDE31EE8CF3500E662ED /* RegularExpressionMatching.swift */ = {isa = PBXFileReference; fileEncoding = 4; lastKnownFileType = sourcecode.swift; path = RegularExpressionMatching.swift; sourceTree = "<group>"; };
		EE81BDE51EE8CFF600E662ED /* BinarySearchTreeIterator.swift */ = {isa = PBXFileReference; fileEncoding = 4; lastKnownFileType = sourcecode.swift; path = BinarySearchTreeIterator.swift; sourceTree = "<group>"; };
		EEA99D771ECE810400CF65AD /* FacebookInterview.app */ = {isa = PBXFileReference; explicitFileType = wrapper.application; includeInIndex = 0; path = FacebookInterview.app; sourceTree = BUILT_PRODUCTS_DIR; };
		EEA99D7A1ECE810400CF65AD /* AppDelegate.swift */ = {isa = PBXFileReference; lastKnownFileType = sourcecode.swift; path = AppDelegate.swift; sourceTree = "<group>"; };
		EEA99D7C1ECE810400CF65AD /* ViewController.swift */ = {isa = PBXFileReference; lastKnownFileType = sourcecode.swift; path = ViewController.swift; sourceTree = "<group>"; };
		EEA99D7E1ECE810400CF65AD /* Assets.xcassets */ = {isa = PBXFileReference; lastKnownFileType = folder.assetcatalog; path = Assets.xcassets; sourceTree = "<group>"; };
		EEA99D811ECE810400CF65AD /* Base */ = {isa = PBXFileReference; lastKnownFileType = file.storyboard; name = Base; path = Base.lproj/Main.storyboard; sourceTree = "<group>"; };
		EEA99D831ECE810400CF65AD /* Info.plist */ = {isa = PBXFileReference; lastKnownFileType = text.plist.xml; path = Info.plist; sourceTree = "<group>"; };
		EEA99D881ECE810400CF65AD /* FacebookInterviewTests.xctest */ = {isa = PBXFileReference; explicitFileType = wrapper.cfbundle; includeInIndex = 0; path = FacebookInterviewTests.xctest; sourceTree = BUILT_PRODUCTS_DIR; };
		EEA99D8C1ECE810400CF65AD /* FacebookInterviewTests.swift */ = {isa = PBXFileReference; lastKnownFileType = sourcecode.swift; path = FacebookInterviewTests.swift; sourceTree = "<group>"; };
		EEA99D8E1ECE810400CF65AD /* Info.plist */ = {isa = PBXFileReference; lastKnownFileType = text.plist.xml; path = Info.plist; sourceTree = "<group>"; };
		EEA99D991ECE816700CF65AD /* ImplementTrie.swift */ = {isa = PBXFileReference; fileEncoding = 4; lastKnownFileType = sourcecode.swift; path = ImplementTrie.swift; sourceTree = "<group>"; };
		EEA99D9B1ECE83C200CF65AD /* utils.swift */ = {isa = PBXFileReference; fileEncoding = 4; lastKnownFileType = sourcecode.swift; path = utils.swift; sourceTree = "<group>"; };
		EEA99D9E1ECE89D100CF65AD /* AddAndSearchWord.swift */ = {isa = PBXFileReference; fileEncoding = 4; lastKnownFileType = sourcecode.swift; path = AddAndSearchWord.swift; sourceTree = "<group>"; };
		EEBD1E161EEC581A001FB32F /* DecodeWays.swift */ = {isa = PBXFileReference; fileEncoding = 4; lastKnownFileType = sourcecode.swift; path = DecodeWays.swift; sourceTree = "<group>"; };
		EEBD1E181EEC5D8C001FB32F /* GroupAnagrams.swift */ = {isa = PBXFileReference; fileEncoding = 4; lastKnownFileType = sourcecode.swift; path = GroupAnagrams.swift; sourceTree = "<group>"; };
		EEBD1E1A1EEC64D4001FB32F /* WordSearch.swift */ = {isa = PBXFileReference; fileEncoding = 4; lastKnownFileType = sourcecode.swift; path = WordSearch.swift; sourceTree = "<group>"; };
		EEBD1E1C1EEC68DC001FB32F /* ProductOfArrayExceptSelf.swift */ = {isa = PBXFileReference; fileEncoding = 4; lastKnownFileType = sourcecode.swift; path = ProductOfArrayExceptSelf.swift; sourceTree = "<group>"; };
		EEBD1E1E1EEC6E93001FB32F /* MeetingRoom.swift */ = {isa = PBXFileReference; fileEncoding = 4; lastKnownFileType = sourcecode.swift; path = MeetingRoom.swift; sourceTree = "<group>"; };
		EEBD1E201EEC9B2D001FB32F /* MinimumSizeSubarraySum.swift */ = {isa = PBXFileReference; fileEncoding = 4; lastKnownFileType = sourcecode.swift; path = MinimumSizeSubarraySum.swift; sourceTree = "<group>"; };
		EEBD1E221EECA045001FB32F /* MaximumSizeSubarraySumEqualsK.swift */ = {isa = PBXFileReference; fileEncoding = 4; lastKnownFileType = sourcecode.swift; path = MaximumSizeSubarraySumEqualsK.swift; sourceTree = "<group>"; };
		EEBD1E241EECA067001FB32F /* 3Sum.swift */ = {isa = PBXFileReference; fileEncoding = 4; lastKnownFileType = sourcecode.swift; path = 3Sum.swift; sourceTree = "<group>"; };
		EEBD1E261EECA56C001FB32F /* FindtheCelebrity.swift */ = {isa = PBXFileReference; fileEncoding = 4; lastKnownFileType = sourcecode.swift; path = FindtheCelebrity.swift; sourceTree = "<group>"; };
		EEBD1E281EECA6F3001FB32F /* SearchinRotatedSortedArray.swift */ = {isa = PBXFileReference; fileEncoding = 4; lastKnownFileType = sourcecode.swift; path = SearchinRotatedSortedArray.swift; sourceTree = "<group>"; };
		EEBD1E2A1EECB985001FB32F /* BinaryTreeVerticalOrderTraverse.swift */ = {isa = PBXFileReference; fileEncoding = 4; lastKnownFileType = sourcecode.swift; path = BinaryTreeVerticalOrderTraverse.swift; sourceTree = "<group>"; };
		EEBD1E2C1EECC17A001FB32F /* MultiplyStrings.swift */ = {isa = PBXFileReference; fileEncoding = 4; lastKnownFileType = sourcecode.swift; path = MultiplyStrings.swift; sourceTree = "<group>"; };
		EEBD1E2E1EEDA7C3001FB32F /* BinaryTreeLevelOrderTraversal.swift */ = {isa = PBXFileReference; fileEncoding = 4; lastKnownFileType = sourcecode.swift; path = BinaryTreeLevelOrderTraversal.swift; sourceTree = "<group>"; };
		EEBD1E301EEDABF2001FB32F /* NumberOfIslands.swift */ = {isa = PBXFileReference; fileEncoding = 4; lastKnownFileType = sourcecode.swift; path = NumberOfIslands.swift; sourceTree = "<group>"; };
		EEBD1E321EEDAC80001FB32F /* CourseSchedule.swift */ = {isa = PBXFileReference; fileEncoding = 4; lastKnownFileType = sourcecode.swift; path = CourseSchedule.swift; sourceTree = "<group>"; };
		EEBD1E341EEDCCE2001FB32F /* KthLargestElementInAnArray.swift */ = {isa = PBXFileReference; fileEncoding = 4; lastKnownFileType = sourcecode.swift; path = KthLargestElementInAnArray.swift; sourceTree = "<group>"; };
		EEBD1E361EEDD10B001FB32F /* BrickWalls.swift */ = {isa = PBXFileReference; fileEncoding = 4; lastKnownFileType = sourcecode.swift; path = BrickWalls.swift; sourceTree = "<group>"; };
		EEBD1E381EEDF3EC001FB32F /* TargetSum.swift */ = {isa = PBXFileReference; fileEncoding = 4; lastKnownFileType = sourcecode.swift; path = TargetSum.swift; sourceTree = "<group>"; };
		EEBD1E3A1EEDF43E001FB32F /* IncreasengTripletSubSequence.swift */ = {isa = PBXFileReference; fileEncoding = 4; lastKnownFileType = sourcecode.swift; path = IncreasengTripletSubSequence.swift; sourceTree = "<group>"; };
		EEBD1E3C1EEE0B9C001FB32F /* MyPow.swift */ = {isa = PBXFileReference; fileEncoding = 4; lastKnownFileType = sourcecode.swift; path = MyPow.swift; sourceTree = "<group>"; };
		EEBD1E3E1EEE0F71001FB32F /* LetterCombinationsofaPhoneNumber.swift */ = {isa = PBXFileReference; fileEncoding = 4; lastKnownFileType = sourcecode.swift; path = LetterCombinationsofaPhoneNumber.swift; sourceTree = "<group>"; };
		EEBD1E401EEE1839001FB32F /* CombinationSum.swift */ = {isa = PBXFileReference; fileEncoding = 4; lastKnownFileType = sourcecode.swift; path = CombinationSum.swift; sourceTree = "<group>"; };
		EEBD1E461EEF4B8F001FB32F /* WallsAndGates.swift */ = {isa = PBXFileReference; fileEncoding = 4; lastKnownFileType = sourcecode.swift; path = WallsAndGates.swift; sourceTree = "<group>"; };
		EEBD1E481EEF4BDD001FB32F /* MaximumSquare.swift */ = {isa = PBXFileReference; fileEncoding = 4; lastKnownFileType = sourcecode.swift; path = MaximumSquare.swift; sourceTree = "<group>"; };
		EEBD1E4A1EEF4E8A001FB32F /* PopulatingNextRightPointersinEachNode.swift */ = {isa = PBXFileReference; fileEncoding = 4; lastKnownFileType = sourcecode.swift; path = PopulatingNextRightPointersinEachNode.swift; sourceTree = "<group>"; };
		EEBD1E4C1EEF54FC001FB32F /* SimplifyPath.swift */ = {isa = PBXFileReference; fileEncoding = 4; lastKnownFileType = sourcecode.swift; path = SimplifyPath.swift; sourceTree = "<group>"; };
		EEBD1E4E1EEF5BCA001FB32F /* OneEditDistance.swift */ = {isa = PBXFileReference; fileEncoding = 4; lastKnownFileType = sourcecode.swift; path = OneEditDistance.swift; sourceTree = "<group>"; };
		EEBD1E501EEF5F08001FB32F /* InorderSuccessorinBST.swift */ = {isa = PBXFileReference; fileEncoding = 4; lastKnownFileType = sourcecode.swift; path = InorderSuccessorinBST.swift; sourceTree = "<group>"; };
		EEBD1E521EEF613E001FB32F /* GraphValidTree.swift */ = {isa = PBXFileReference; fileEncoding = 4; lastKnownFileType = sourcecode.swift; path = GraphValidTree.swift; sourceTree = "<group>"; };
		EEBD1E541EEF8177001FB32F /* ExpressionAddOperators.swift */ = {isa = PBXFileReference; fileEncoding = 4; lastKnownFileType = sourcecode.swift; path = ExpressionAddOperators.swift; sourceTree = "<group>"; };
		EEBD1E561EF09ED6001FB32F /* MinimumWindowSubstring.swift */ = {isa = PBXFileReference; fileEncoding = 4; lastKnownFileType = sourcecode.swift; path = MinimumWindowSubstring.swift; sourceTree = "<group>"; };
		EEBD1E581EF0A26E001FB32F /* MergeKSortedLists.swift */ = {isa = PBXFileReference; fileEncoding = 4; lastKnownFileType = sourcecode.swift; path = MergeKSortedLists.swift; sourceTree = "<group>"; };
		EEBD1E5A1EF0A2E2001FB32F /* RemoveInvalidParentheses.swift */ = {isa = PBXFileReference; fileEncoding = 4; lastKnownFileType = sourcecode.swift; path = RemoveInvalidParentheses.swift; sourceTree = "<group>"; };
		EEBD1E5C1EF0A30D001FB32F /* SplitArrayLargestSum.swift */ = {isa = PBXFileReference; fileEncoding = 4; lastKnownFileType = sourcecode.swift; path = SplitArrayLargestSum.swift; sourceTree = "<group>"; };
		EEBD1E5E1EF0C09A001FB32F /* LongestConsecutiveSequence.swift */ = {isa = PBXFileReference; fileEncoding = 4; lastKnownFileType = sourcecode.swift; path = LongestConsecutiveSequence.swift; sourceTree = "<group>"; };
		EEBD1E601EF21BFF001FB32F /* SerializeandDeserializeBinaryTree.swift */ = {isa = PBXFileReference; fileEncoding = 4; lastKnownFileType = sourcecode.swift; path = SerializeandDeserializeBinaryTree.swift; sourceTree = "<group>"; };
		EEBD1E621EF222E8001FB32F /* TreeNodeTraverse.swift */ = {isa = PBXFileReference; fileEncoding = 4; lastKnownFileType = sourcecode.swift; path = TreeNodeTraverse.swift; sourceTree = "<group>"; };
		EEBD1E641EF22DEF001FB32F /* InsertInterval.swift */ = {isa = PBXFileReference; fileEncoding = 4; lastKnownFileType = sourcecode.swift; path = InsertInterval.swift; sourceTree = "<group>"; };
		EEBD1E661EF33EF6001FB32F /* LRU.swift */ = {isa = PBXFileReference; fileEncoding = 4; lastKnownFileType = sourcecode.swift; path = LRU.swift; sourceTree = "<group>"; };
		EEBD1E681EF34802001FB32F /* ReverseNodesInkGroup.swift */ = {isa = PBXFileReference; fileEncoding = 4; lastKnownFileType = sourcecode.swift; path = ReverseNodesInkGroup.swift; sourceTree = "<group>"; };
		EEBD1E6A1EF35750001FB32F /* AlienDictionary.swift */ = {isa = PBXFileReference; fileEncoding = 4; lastKnownFileType = sourcecode.swift; path = AlienDictionary.swift; sourceTree = "<group>"; };
		EEBD1E6C1EF36DE7001FB32F /* IntegerToEnglishWord.swift */ = {isa = PBXFileReference; fileEncoding = 4; lastKnownFileType = sourcecode.swift; path = IntegerToEnglishWord.swift; sourceTree = "<group>"; };
		EEBD1E6E1EF36E21001FB32F /* WildMatching.swift */ = {isa = PBXFileReference; fileEncoding = 4; lastKnownFileType = sourcecode.swift; path = WildMatching.swift; sourceTree = "<group>"; };
		EEBD1E701EF426DB001FB32F /* ConstructBianryTree.swift */ = {isa = PBXFileReference; fileEncoding = 4; lastKnownFileType = sourcecode.swift; path = ConstructBianryTree.swift; sourceTree = "<group>"; };
		EEBD1E741EF466B6001FB32F /* DismeterOfBinaryTree.swift */ = {isa = PBXFileReference; fileEncoding = 4; lastKnownFileType = sourcecode.swift; path = DismeterOfBinaryTree.swift; sourceTree = "<group>"; };
		EEBD1E781EF46896001FB32F /* AddBinary.swift */ = {isa = PBXFileReference; fileEncoding = 4; lastKnownFileType = sourcecode.swift; path = AddBinary.swift; sourceTree = "<group>"; };
		EEBD1E7A1EF468C8001FB32F /* HammingDistance.swift */ = {isa = PBXFileReference; fileEncoding = 4; lastKnownFileType = sourcecode.swift; path = HammingDistance.swift; sourceTree = "<group>"; };
		EEBD1E7D1EF4693F001FB32F /* CountAndSay.swift */ = {isa = PBXFileReference; fileEncoding = 4; lastKnownFileType = sourcecode.swift; path = CountAndSay.swift; sourceTree = "<group>"; };
		EEBD1E7F1EF46A26001FB32F /* SqrtX.swift */ = {isa = PBXFileReference; fileEncoding = 4; lastKnownFileType = sourcecode.swift; path = SqrtX.swift; sourceTree = "<group>"; };
		EEBD1E811EF46A4B001FB32F /* BestTimeToSellStock.swift */ = {isa = PBXFileReference; fileEncoding = 4; lastKnownFileType = sourcecode.swift; path = BestTimeToSellStock.swift; sourceTree = "<group>"; };
		EEBD1E831EF46B27001FB32F /* SubtreeOfAnotherTree.swift */ = {isa = PBXFileReference; fileEncoding = 4; lastKnownFileType = sourcecode.swift; path = SubtreeOfAnotherTree.swift; sourceTree = "<group>"; };
		EEBD1E851EF47209001FB32F /* Parentheses.swift */ = {isa = PBXFileReference; fileEncoding = 4; lastKnownFileType = sourcecode.swift; path = Parentheses.swift; sourceTree = "<group>"; };
		EEBD1E871EF472DF001FB32F /* BinaryTreepaths.swift */ = {isa = PBXFileReference; fileEncoding = 4; lastKnownFileType = sourcecode.swift; path = BinaryTreepaths.swift; sourceTree = "<group>"; };
		EEBD1E891EF4738F001FB32F /* ValidPalindrome.swift */ = {isa = PBXFileReference; fileEncoding = 4; lastKnownFileType = sourcecode.swift; path = ValidPalindrome.swift; sourceTree = "<group>"; };
		EEBD1E8B1EF473FC001FB32F /* MoveZero.swift */ = {isa = PBXFileReference; fileEncoding = 4; lastKnownFileType = sourcecode.swift; path = MoveZero.swift; sourceTree = "<group>"; };
		EEBD1E8D1EF47476001FB32F /* TwoSum.swift */ = {isa = PBXFileReference; fileEncoding = 4; lastKnownFileType = sourcecode.swift; path = TwoSum.swift; sourceTree = "<group>"; };
		EEBD1E8F1EF47571001FB32F /* RomanToInteger.swift */ = {isa = PBXFileReference; fileEncoding = 4; lastKnownFileType = sourcecode.swift; path = RomanToInteger.swift; sourceTree = "<group>"; };
		EEBD1E911EF475AA001FB32F /* MergeSortedArray.swift */ = {isa = PBXFileReference; fileEncoding = 4; lastKnownFileType = sourcecode.swift; path = MergeSortedArray.swift; sourceTree = "<group>"; };
		EEBD1E931EF475FD001FB32F /* StrStr.swift */ = {isa = PBXFileReference; fileEncoding = 4; lastKnownFileType = sourcecode.swift; path = StrStr.swift; sourceTree = "<group>"; };
		EEBD1E951EF47652001FB32F /* PalindromeLinkedList.swift */ = {isa = PBXFileReference; fileEncoding = 4; lastKnownFileType = sourcecode.swift; path = PalindromeLinkedList.swift; sourceTree = "<group>"; };
		EEBD1E971EF476CE001FB32F /* SumOfLeftLeaves.swift */ = {isa = PBXFileReference; fileEncoding = 4; lastKnownFileType = sourcecode.swift; path = SumOfLeftLeaves.swift; sourceTree = "<group>"; };
		EECF8D8C1EFC90ED003FC2D3 /* KNearestPointToOrigin.swift */ = {isa = PBXFileReference; fileEncoding = 4; lastKnownFileType = sourcecode.swift; path = KNearestPointToOrigin.swift; sourceTree = "<group>"; };
		EECF8D8F1EFC995C003FC2D3 /* DotProductOfTwoVector.swift */ = {isa = PBXFileReference; fileEncoding = 4; lastKnownFileType = sourcecode.swift; path = DotProductOfTwoVector.swift; sourceTree = "<group>"; };
		EECF8D911EFDB74F003FC2D3 /* ShuffleAnArray.swift */ = {isa = PBXFileReference; fileEncoding = 4; lastKnownFileType = sourcecode.swift; path = ShuffleAnArray.swift; sourceTree = "<group>"; };
		EECF8D931EFDCBAE003FC2D3 /* ReadNCharactersGivenRead4.swift */ = {isa = PBXFileReference; fileEncoding = 4; lastKnownFileType = sourcecode.swift; path = ReadNCharactersGivenRead4.swift; sourceTree = "<group>"; };
		EECF8D951EFEE150003FC2D3 /* TaskSchedular.swift */ = {isa = PBXFileReference; fileEncoding = 4; lastKnownFileType = sourcecode.swift; path = TaskSchedular.swift; sourceTree = "<group>"; };
		EECF8D971EFF174F003FC2D3 /* PrimeNumberCombinationProduct.swift */ = {isa = PBXFileReference; fileEncoding = 4; lastKnownFileType = sourcecode.swift; path = PrimeNumberCombinationProduct.swift; sourceTree = "<group>"; };
		EECF8D991EFF196A003FC2D3 /* FindAllAnagramsInAString.swift */ = {isa = PBXFileReference; fileEncoding = 4; lastKnownFileType = sourcecode.swift; path = FindAllAnagramsInAString.swift; sourceTree = "<group>"; };
		EECF8D9B1F002A62003FC2D3 /* LongestIncreasingSubsequence.swift */ = {isa = PBXFileReference; fileEncoding = 4; lastKnownFileType = sourcecode.swift; path = LongestIncreasingSubsequence.swift; sourceTree = "<group>"; };
		EECF8D9D1F00404D003FC2D3 /* IntersectionOfTwoArray.swift */ = {isa = PBXFileReference; fileEncoding = 4; lastKnownFileType = sourcecode.swift; path = IntersectionOfTwoArray.swift; sourceTree = "<group>"; };
		EECF8D9F1F004B6B003FC2D3 /* IntersectionOfTwoArrayII.swift */ = {isa = PBXFileReference; fileEncoding = 4; lastKnownFileType = sourcecode.swift; path = IntersectionOfTwoArrayII.swift; sourceTree = "<group>"; };
		EECF8DA11F006A75003FC2D3 /* EditDistance.swift */ = {isa = PBXFileReference; fileEncoding = 4; lastKnownFileType = sourcecode.swift; path = EditDistance.swift; sourceTree = "<group>"; };
		EECF8DA31F01BF5A003FC2D3 /* FlattenBinaryTreeToLinkedList.swift */ = {isa = PBXFileReference; fileEncoding = 4; lastKnownFileType = sourcecode.swift; path = FlattenBinaryTreeToLinkedList.swift; sourceTree = "<group>"; };
/* End PBXFileReference section */

/* Begin PBXFrameworksBuildPhase section */
		EEA99D741ECE810400CF65AD /* Frameworks */ = {
			isa = PBXFrameworksBuildPhase;
			buildActionMask = 2147483647;
			files = (
			);
			runOnlyForDeploymentPostprocessing = 0;
		};
		EEA99D851ECE810400CF65AD /* Frameworks */ = {
			isa = PBXFrameworksBuildPhase;
			buildActionMask = 2147483647;
			files = (
			);
			runOnlyForDeploymentPostprocessing = 0;
		};
/* End PBXFrameworksBuildPhase section */

/* Begin PBXGroup section */
		EE31262B1ED3D2F1004ACACF /* QA */ = {
			isa = PBXGroup;
			children = (
				EE69A4D41EE34DBE00FE95BB /* SlidingWindowMedian.swift */,
				EE380BE91F01E913002B0F12 /* FindMedianOfDataStream.swift */,
				EE69A4D81EE370AE00FE95BB /* TreeNode.swift */,
				EE69A4DA1EE45E9000FE95BB /* TreeInorderTraversal.swift */,
				EE69A4DC1EE49F4E00FE95BB /* FindView.swift */,
			);
			name = QA;
			sourceTree = "<group>";
		};
		EE380BEB1F01F283002B0F12 /* Design */ = {
			isa = PBXGroup;
			children = (
				EE380BEC1F01F291002B0F12 /* WebService.swift */,
			);
			name = Design;
			sourceTree = "<group>";
		};
		EE4C146D1F05B6BC002F25C6 /* subarray */ = {
			isa = PBXGroup;
			children = (
				EEBD1E361EEDD10B001FB32F /* BrickWalls.swift */,
				EEBD1E201EEC9B2D001FB32F /* MinimumSizeSubarraySum.swift */,
				EE3D77381EEA3B2900490463 /* ContinuousSubarraySum.swift */,
				EE3D77361EE8D0A400490463 /* ContiguousArray.swift */,
				EECF8D951EFEE150003FC2D3 /* TaskSchedular.swift */,
				EEBD1E8D1EF47476001FB32F /* TwoSum.swift */,
				EEBD1E241EECA067001FB32F /* 3Sum.swift */,
				EEBD1E221EECA045001FB32F /* MaximumSizeSubarraySumEqualsK.swift */,
				EEBD1E401EEE1839001FB32F /* CombinationSum.swift */,
				EECF8D9B1F002A62003FC2D3 /* LongestIncreasingSubsequence.swift */,
			);
			name = subarray;
			sourceTree = "<group>";
		};
		EE4C146E1F05B8B4002F25C6 /* backtracking */ = {
			isa = PBXGroup;
			children = (
				EEBD1E381EEDF3EC001FB32F /* TargetSum.swift */,
				EECF8D971EFF174F003FC2D3 /* PrimeNumberCombinationProduct.swift */,
				EE81BDDD1EE7B9F700E662ED /* Subsets.swift */,
			);
			name = backtracking;
			sourceTree = "<group>";
		};
		EE4C146F1F05CEE2002F25C6 /* manipulate */ = {
			isa = PBXGroup;
			children = (
				EEBD1E341EEDCCE2001FB32F /* KthLargestElementInAnArray.swift */,
				EE81BDDB1EE7B8E000E662ED /* SortColors.swift */,
				EECF8D9D1F00404D003FC2D3 /* IntersectionOfTwoArray.swift */,
				EECF8D9F1F004B6B003FC2D3 /* IntersectionOfTwoArrayII.swift */,
				EE81BDD91EE7B4D300E662ED /* RemoveDuplicatesfromSortedArray.swift */,
				EEBD1E811EF46A4B001FB32F /* BestTimeToSellStock.swift */,
				EEBD1E8B1EF473FC001FB32F /* MoveZero.swift */,
				EEBD1E911EF475AA001FB32F /* MergeSortedArray.swift */,
				EEBD1E1C1EEC68DC001FB32F /* ProductOfArrayExceptSelf.swift */,
				EEBD1E3A1EEDF43E001FB32F /* IncreasengTripletSubSequence.swift */,
				EEBD1E5C1EF0A30D001FB32F /* SplitArrayLargestSum.swift */,
				EEBD1E281EECA6F3001FB32F /* SearchinRotatedSortedArray.swift */,
				EECF8D911EFDB74F003FC2D3 /* ShuffleAnArray.swift */,
			);
			name = manipulate;
			sourceTree = "<group>";
		};
		EE4C14701F05CEEF002F25C6 /* anagram */ = {
			isa = PBXGroup;
			children = (
				EEBD1E181EEC5D8C001FB32F /* GroupAnagrams.swift */,
			);
			name = anagram;
			sourceTree = "<group>";
		};
		EEA99D6E1ECE810400CF65AD = {
			isa = PBXGroup;
			children = (
				EEA99D791ECE810400CF65AD /* FacebookInterview */,
				EEA99D8B1ECE810400CF65AD /* FacebookInterviewTests */,
				EEA99D781ECE810400CF65AD /* Products */,
			);
			sourceTree = "<group>";
		};
		EEA99D781ECE810400CF65AD /* Products */ = {
			isa = PBXGroup;
			children = (
				EEA99D771ECE810400CF65AD /* FacebookInterview.app */,
				EEA99D881ECE810400CF65AD /* FacebookInterviewTests.xctest */,
			);
			name = Products;
			sourceTree = "<group>";
		};
		EEA99D791ECE810400CF65AD /* FacebookInterview */ = {
			isa = PBXGroup;
			children = (
				EE380BEB1F01F283002B0F12 /* Design */,
				EECF8D8E1EFC9569003FC2D3 /* 面经 */,
				EE31262B1ED3D2F1004ACACF /* QA */,
				EEA99D9D1ECE89BF00CF65AD /* Medium */,
				EEA99D9B1ECE83C200CF65AD /* utils.swift */,
				EEA99D981ECE814C00CF65AD /* Hard */,
				EEA99D971ECE812D00CF65AD /* Application */,
			);
			path = FacebookInterview;
			sourceTree = "<group>";
		};
		EEA99D8B1ECE810400CF65AD /* FacebookInterviewTests */ = {
			isa = PBXGroup;
			children = (
				EEA99D8C1ECE810400CF65AD /* FacebookInterviewTests.swift */,
				EEA99D8E1ECE810400CF65AD /* Info.plist */,
			);
			path = FacebookInterviewTests;
			sourceTree = "<group>";
		};
		EEA99D971ECE812D00CF65AD /* Application */ = {
			isa = PBXGroup;
			children = (
				EEA99D7A1ECE810400CF65AD /* AppDelegate.swift */,
				EEA99D7C1ECE810400CF65AD /* ViewController.swift */,
				EEA99D7E1ECE810400CF65AD /* Assets.xcassets */,
				EEA99D801ECE810400CF65AD /* Main.storyboard */,
				EEA99D831ECE810400CF65AD /* Info.plist */,
				EE69A4D21EE31C7600FE95BB /* KVCExperiment.swift */,
				EE48E7E21EE13BB300C91A87 /* CancelableJob.swift */,
			);
			name = Application;
			sourceTree = "<group>";
		};
		EEA99D981ECE814C00CF65AD /* Hard */ = {
			isa = PBXGroup;
			children = (
				EE81BDE11EE8C45400E662ED /* PaintHouse.swift */,
				EE81BDDF1EE7BB2400E662ED /* MaximalRectangle.swift */,
				EE81BDE31EE8CF3500E662ED /* RegularExpressionMatching.swift */,
				EEBD1E541EEF8177001FB32F /* ExpressionAddOperators.swift */,
				EEBD1E561EF09ED6001FB32F /* MinimumWindowSubstring.swift */,
				EEBD1E581EF0A26E001FB32F /* MergeKSortedLists.swift */,
				EEBD1E5A1EF0A2E2001FB32F /* RemoveInvalidParentheses.swift */,
				EEBD1E5E1EF0C09A001FB32F /* LongestConsecutiveSequence.swift */,
				EEBD1E661EF33EF6001FB32F /* LRU.swift */,
				EEBD1E681EF34802001FB32F /* ReverseNodesInkGroup.swift */,
				EEBD1E6A1EF35750001FB32F /* AlienDictionary.swift */,
				EEBD1E6C1EF36DE7001FB32F /* IntegerToEnglishWord.swift */,
				EEBD1E6E1EF36E21001FB32F /* WildMatching.swift */,
			);
			name = Hard;
			sourceTree = "<group>";
		};
		EEA99D9D1ECE89BF00CF65AD /* Medium */ = {
			isa = PBXGroup;
			children = (
				EEBD1E991EF47AC1001FB32F /* DataStructureDesign */,
				EEBD1E7C1EF4692E001FB32F /* String */,
				EEBD1E771EF4688A001FB32F /* Math */,
				EEBD1E761EF46800001FB32F /* Array */,
				EEBD1E731EF4667E001FB32F /* LinkedList */,
				EEBD1E721EF427D3001FB32F /* Interval */,
				EEBD1E451EEE4DA9001FB32F /* Tree */,
				EEBD1E431EEE4D8F001FB32F /* Graph */,
				EEBD1E421EEE4D81001FB32F /* Trie */,
				EE69A4D61EE3584700FE95BB /* FlattenNestedListIterator.swift */,
				EE3126341ED9061E004ACACF /* RandomPickIndex.swift */,
				EEBD1E3E1EEE0F71001FB32F /* LetterCombinationsofaPhoneNumber.swift */,
				EEBD1E481EEF4BDD001FB32F /* MaximumSquare.swift */,
			);
			name = Medium;
			sourceTree = "<group>";
		};
		EEBD1E421EEE4D81001FB32F /* Trie */ = {
			isa = PBXGroup;
			children = (
				EEA99D991ECE816700CF65AD /* ImplementTrie.swift */,
				EEA99D9E1ECE89D100CF65AD /* AddAndSearchWord.swift */,
			);
			name = Trie;
			sourceTree = "<group>";
		};
		EEBD1E431EEE4D8F001FB32F /* Graph */ = {
			isa = PBXGroup;
			children = (
				EEBD1E521EEF613E001FB32F /* GraphValidTree.swift */,
				EE31262E1ED54C6D004ACACF /* CloneGraph.swift */,
				EEBD1E321EEDAC80001FB32F /* CourseSchedule.swift */,
			);
			name = Graph;
			sourceTree = "<group>";
		};
		EEBD1E451EEE4DA9001FB32F /* Tree */ = {
			isa = PBXGroup;
			children = (
				EEBD1E621EF222E8001FB32F /* TreeNodeTraverse.swift */,
				EEBD1E701EF426DB001FB32F /* ConstructBianryTree.swift */,
				EEBD1E2A1EECB985001FB32F /* BinaryTreeVerticalOrderTraverse.swift */,
				EE3126301ED55245004ACACF /* LowestCommonAncestor.swift */,
				EE81BDE51EE8CFF600E662ED /* BinarySearchTreeIterator.swift */,
				EEBD1E2E1EEDA7C3001FB32F /* BinaryTreeLevelOrderTraversal.swift */,
				EEBD1E601EF21BFF001FB32F /* SerializeandDeserializeBinaryTree.swift */,
				EEBD1E4A1EEF4E8A001FB32F /* PopulatingNextRightPointersinEachNode.swift */,
				EEBD1E501EEF5F08001FB32F /* InorderSuccessorinBST.swift */,
				EEBD1E741EF466B6001FB32F /* DismeterOfBinaryTree.swift */,
				EEBD1E831EF46B27001FB32F /* SubtreeOfAnotherTree.swift */,
				EEBD1E871EF472DF001FB32F /* BinaryTreepaths.swift */,
				EEBD1E971EF476CE001FB32F /* SumOfLeftLeaves.swift */,
				EECF8DA31F01BF5A003FC2D3 /* FlattenBinaryTreeToLinkedList.swift */,
				EE4C146B1F0497EF002F25C6 /* BinaryTreeLongestConsecutiveSequence.swift */,
			);
			name = Tree;
			sourceTree = "<group>";
		};
		EEBD1E721EF427D3001FB32F /* Interval */ = {
			isa = PBXGroup;
			children = (
				EEBD1E641EF22DEF001FB32F /* InsertInterval.swift */,
				EE3126291ED3D0E9004ACACF /* MergeIntervals.swift */,
				EEBD1E1E1EEC6E93001FB32F /* MeetingRoom.swift */,
			);
			name = Interval;
			sourceTree = "<group>";
		};
		EEBD1E731EF4667E001FB32F /* LinkedList */ = {
			isa = PBXGroup;
			children = (
				EEBD1E951EF47652001FB32F /* PalindromeLinkedList.swift */,
			);
			name = LinkedList;
			sourceTree = "<group>";
		};
		EEBD1E761EF46800001FB32F /* Array */ = {
			isa = PBXGroup;
			children = (
				EEBD1E261EECA56C001FB32F /* FindtheCelebrity.swift */,
				EE4C14701F05CEEF002F25C6 /* anagram */,
				EE4C146F1F05CEE2002F25C6 /* manipulate */,
				EE4C146E1F05B8B4002F25C6 /* backtracking */,
				EE4C146D1F05B6BC002F25C6 /* subarray */,
				EEBD1E9A1EF482FE001FB32F /* matrix */,
				EE380BEE1F033D7C002B0F12 /* LongestSubstringWithoutRepeatingCharacters.swift */,
			);
			name = Array;
			sourceTree = "<group>";
		};
		EEBD1E771EF4688A001FB32F /* Math */ = {
			isa = PBXGroup;
			children = (
				EEBD1E3C1EEE0B9C001FB32F /* MyPow.swift */,
				EE81BDD51EE7AEE900E662ED /* HIndexII.swift */,
				EEBD1E781EF46896001FB32F /* AddBinary.swift */,
				EEBD1E7A1EF468C8001FB32F /* HammingDistance.swift */,
				EE3D773A1EEA4C7400490463 /* TotalHammingDistance.swift */,
				EEBD1E7F1EF46A26001FB32F /* SqrtX.swift */,
				EEBD1E8F1EF47571001FB32F /* RomanToInteger.swift */,
			);
			name = Math;
			sourceTree = "<group>";
		};
		EEBD1E7C1EF4692E001FB32F /* String */ = {
			isa = PBXGroup;
			children = (
				EECF8D991EFF196A003FC2D3 /* FindAllAnagramsInAString.swift */,
				EEBD1E4C1EEF54FC001FB32F /* SimplifyPath.swift */,
				EEBD1E2C1EECC17A001FB32F /* MultiplyStrings.swift */,
				EEBD1E1A1EEC64D4001FB32F /* WordSearch.swift */,
				EEBD1E161EEC581A001FB32F /* DecodeWays.swift */,
				EE3126361EDB23D7004ACACF /* WordLadder.swift */,
				EEBD1E7D1EF4693F001FB32F /* CountAndSay.swift */,
				EEBD1E851EF47209001FB32F /* Parentheses.swift */,
				EEBD1E891EF4738F001FB32F /* ValidPalindrome.swift */,
				EEBD1E931EF475FD001FB32F /* StrStr.swift */,
				EE3126271ED3CD2C004ACACF /* WordBreak.swift */,
				EEBD1E4E1EEF5BCA001FB32F /* OneEditDistance.swift */,
				EECF8DA11F006A75003FC2D3 /* EditDistance.swift */,
			);
			name = String;
			sourceTree = "<group>";
		};
		EEBD1E991EF47AC1001FB32F /* DataStructureDesign */ = {
			isa = PBXGroup;
			children = (
				EE48E7E01EDB91A200C91A87 /* RandomizedSet.swift */,
				EE3126321ED8F1E2004ACACF /* InsertDeleteGetRandom.swift */,
				EECF8D931EFDCBAE003FC2D3 /* ReadNCharactersGivenRead4.swift */,
			);
			name = DataStructureDesign;
			sourceTree = "<group>";
		};
		EEBD1E9A1EF482FE001FB32F /* matrix */ = {
			isa = PBXGroup;
			children = (
				EEBD1E461EEF4B8F001FB32F /* WallsAndGates.swift */,
				EEBD1E301EEDABF2001FB32F /* NumberOfIslands.swift */,
			);
			name = matrix;
			sourceTree = "<group>";
		};
		EECF8D8E1EFC9569003FC2D3 /* 面经 */ = {
			isa = PBXGroup;
			children = (
				EECF8D8C1EFC90ED003FC2D3 /* KNearestPointToOrigin.swift */,
				EECF8D8F1EFC995C003FC2D3 /* DotProductOfTwoVector.swift */,
			);
			name = "面经";
			sourceTree = "<group>";
		};
/* End PBXGroup section */

/* Begin PBXNativeTarget section */
		EEA99D761ECE810400CF65AD /* FacebookInterview */ = {
			isa = PBXNativeTarget;
			buildConfigurationList = EEA99D911ECE810400CF65AD /* Build configuration list for PBXNativeTarget "FacebookInterview" */;
			buildPhases = (
				EEA99D731ECE810400CF65AD /* Sources */,
				EEA99D741ECE810400CF65AD /* Frameworks */,
				EEA99D751ECE810400CF65AD /* Resources */,
			);
			buildRules = (
			);
			dependencies = (
			);
			name = FacebookInterview;
			productName = FacebookInterview;
			productReference = EEA99D771ECE810400CF65AD /* FacebookInterview.app */;
			productType = "com.apple.product-type.application";
		};
		EEA99D871ECE810400CF65AD /* FacebookInterviewTests */ = {
			isa = PBXNativeTarget;
			buildConfigurationList = EEA99D941ECE810400CF65AD /* Build configuration list for PBXNativeTarget "FacebookInterviewTests" */;
			buildPhases = (
				EEA99D841ECE810400CF65AD /* Sources */,
				EEA99D851ECE810400CF65AD /* Frameworks */,
				EEA99D861ECE810400CF65AD /* Resources */,
			);
			buildRules = (
			);
			dependencies = (
				EEA99D8A1ECE810400CF65AD /* PBXTargetDependency */,
			);
			name = FacebookInterviewTests;
			productName = FacebookInterviewTests;
			productReference = EEA99D881ECE810400CF65AD /* FacebookInterviewTests.xctest */;
			productType = "com.apple.product-type.bundle.unit-test";
		};
/* End PBXNativeTarget section */

/* Begin PBXProject section */
		EEA99D6F1ECE810400CF65AD /* Project object */ = {
			isa = PBXProject;
			attributes = {
				LastSwiftUpdateCheck = 0830;
				LastUpgradeCheck = 0830;
				ORGANIZATIONNAME = yusheng;
				TargetAttributes = {
					EEA99D761ECE810400CF65AD = {
						CreatedOnToolsVersion = 8.3.2;
						DevelopmentTeam = H24WV8N3GG;
						ProvisioningStyle = Automatic;
					};
					EEA99D871ECE810400CF65AD = {
						CreatedOnToolsVersion = 8.3.2;
						DevelopmentTeam = H24WV8N3GG;
						ProvisioningStyle = Automatic;
						TestTargetID = EEA99D761ECE810400CF65AD;
					};
				};
			};
			buildConfigurationList = EEA99D721ECE810400CF65AD /* Build configuration list for PBXProject "FacebookInterview" */;
			compatibilityVersion = "Xcode 3.2";
			developmentRegion = English;
			hasScannedForEncodings = 0;
			knownRegions = (
				en,
				Base,
			);
			mainGroup = EEA99D6E1ECE810400CF65AD;
			productRefGroup = EEA99D781ECE810400CF65AD /* Products */;
			projectDirPath = "";
			projectRoot = "";
			targets = (
				EEA99D761ECE810400CF65AD /* FacebookInterview */,
				EEA99D871ECE810400CF65AD /* FacebookInterviewTests */,
			);
		};
/* End PBXProject section */

/* Begin PBXResourcesBuildPhase section */
		EEA99D751ECE810400CF65AD /* Resources */ = {
			isa = PBXResourcesBuildPhase;
			buildActionMask = 2147483647;
			files = (
				EEA99D7F1ECE810400CF65AD /* Assets.xcassets in Resources */,
				EEA99D821ECE810400CF65AD /* Main.storyboard in Resources */,
			);
			runOnlyForDeploymentPostprocessing = 0;
		};
		EEA99D861ECE810400CF65AD /* Resources */ = {
			isa = PBXResourcesBuildPhase;
			buildActionMask = 2147483647;
			files = (
			);
			runOnlyForDeploymentPostprocessing = 0;
		};
/* End PBXResourcesBuildPhase section */

/* Begin PBXSourcesBuildPhase section */
		EEA99D731ECE810400CF65AD /* Sources */ = {
			isa = PBXSourcesBuildPhase;
			buildActionMask = 2147483647;
			files = (
				EE380BED1F01F291002B0F12 /* WebService.swift in Sources */,
				EEBD1E751EF466B6001FB32F /* DismeterOfBinaryTree.swift in Sources */,
				EEA99D7D1ECE810400CF65AD /* ViewController.swift in Sources */,
				EEBD1E3D1EEE0B9C001FB32F /* MyPow.swift in Sources */,
				EEBD1E311EEDABF2001FB32F /* NumberOfIslands.swift in Sources */,
				EE81BDD61EE7AEE900E662ED /* HIndexII.swift in Sources */,
				EEBD1E3F1EEE0F71001FB32F /* LetterCombinationsofaPhoneNumber.swift in Sources */,
				EEBD1E1F1EEC6E93001FB32F /* MeetingRoom.swift in Sources */,
				EE81BDE21EE8C45400E662ED /* PaintHouse.swift in Sources */,
				EEBD1E801EF46A26001FB32F /* SqrtX.swift in Sources */,
				EEBD1E7B1EF468C8001FB32F /* HammingDistance.swift in Sources */,
				EEBD1E1D1EEC68DC001FB32F /* ProductOfArrayExceptSelf.swift in Sources */,
				EECF8D9A1EFF196A003FC2D3 /* FindAllAnagramsInAString.swift in Sources */,
				EEBD1E251EECA067001FB32F /* 3Sum.swift in Sources */,
				EEBD1E861EF47209001FB32F /* Parentheses.swift in Sources */,
				EECF8D941EFDCBAE003FC2D3 /* ReadNCharactersGivenRead4.swift in Sources */,
				EEBD1E351EEDCCE2001FB32F /* KthLargestElementInAnArray.swift in Sources */,
				EEBD1E8E1EF47476001FB32F /* TwoSum.swift in Sources */,
				EEBD1E791EF46896001FB32F /* AddBinary.swift in Sources */,
				EEBD1E6D1EF36DE7001FB32F /* IntegerToEnglishWord.swift in Sources */,
				EECF8D981EFF174F003FC2D3 /* PrimeNumberCombinationProduct.swift in Sources */,
				EE380BEA1F01E913002B0F12 /* FindMedianOfDataStream.swift in Sources */,
				EEBD1E271EECA56C001FB32F /* FindtheCelebrity.swift in Sources */,
				EEBD1E611EF21BFF001FB32F /* SerializeandDeserializeBinaryTree.swift in Sources */,
				EEBD1E371EEDD10B001FB32F /* BrickWalls.swift in Sources */,
				EE31262F1ED54C6D004ACACF /* CloneGraph.swift in Sources */,
				EEBD1E291EECA6F3001FB32F /* SearchinRotatedSortedArray.swift in Sources */,
				EE69A4D71EE3584700FE95BB /* FlattenNestedListIterator.swift in Sources */,
				EEBD1E391EEDF3EC001FB32F /* TargetSum.swift in Sources */,
				EEBD1E691EF34802001FB32F /* ReverseNodesInkGroup.swift in Sources */,
				EEBD1E711EF426DB001FB32F /* ConstructBianryTree.swift in Sources */,
				EEBD1E331EEDAC80001FB32F /* CourseSchedule.swift in Sources */,
				EECF8D9E1F00404D003FC2D3 /* IntersectionOfTwoArray.swift in Sources */,
				EECF8DA41F01BF5A003FC2D3 /* FlattenBinaryTreeToLinkedList.swift in Sources */,
				EEBD1E211EEC9B2D001FB32F /* MinimumSizeSubarraySum.swift in Sources */,
				EE69A4D31EE31C7600FE95BB /* KVCExperiment.swift in Sources */,
				EEBD1E981EF476CE001FB32F /* SumOfLeftLeaves.swift in Sources */,
				EEBD1E651EF22DEF001FB32F /* InsertInterval.swift in Sources */,
				EEA99D7B1ECE810400CF65AD /* AppDelegate.swift in Sources */,
				EEBD1E6F1EF36E21001FB32F /* WildMatching.swift in Sources */,
				EE380BEF1F033D7C002B0F12 /* LongestSubstringWithoutRepeatingCharacters.swift in Sources */,
				EE81BDDC1EE7B8E000E662ED /* SortColors.swift in Sources */,
				EEBD1E941EF475FD001FB32F /* StrStr.swift in Sources */,
				EEBD1E8C1EF473FC001FB32F /* MoveZero.swift in Sources */,
				EE31262A1ED3D0E9004ACACF /* MergeIntervals.swift in Sources */,
				EE3126331ED8F1E2004ACACF /* InsertDeleteGetRandom.swift in Sources */,
				EECF8D901EFC995C003FC2D3 /* DotProductOfTwoVector.swift in Sources */,
				EEBD1E491EEF4BDD001FB32F /* MaximumSquare.swift in Sources */,
				EEBD1E901EF47571001FB32F /* RomanToInteger.swift in Sources */,
				EEBD1E4B1EEF4E8A001FB32F /* PopulatingNextRightPointersinEachNode.swift in Sources */,
				EEA99D9A1ECE816700CF65AD /* ImplementTrie.swift in Sources */,
				EEBD1E841EF46B27001FB32F /* SubtreeOfAnotherTree.swift in Sources */,
				EE48E7E11EDB91A200C91A87 /* RandomizedSet.swift in Sources */,
				EE69A4D51EE34DBE00FE95BB /* SlidingWindowMedian.swift in Sources */,
				EEBD1E2F1EEDA7C3001FB32F /* BinaryTreeLevelOrderTraversal.swift in Sources */,
				EEBD1E4D1EEF54FC001FB32F /* SimplifyPath.swift in Sources */,
				EEA99D9C1ECE83C200CF65AD /* utils.swift in Sources */,
				EEBD1E231EECA045001FB32F /* MaximumSizeSubarraySumEqualsK.swift in Sources */,
				EEBD1E2B1EECB985001FB32F /* BinaryTreeVerticalOrderTraverse.swift in Sources */,
				EEBD1E551EEF8177001FB32F /* ExpressionAddOperators.swift in Sources */,
				EEBD1E571EF09ED6001FB32F /* MinimumWindowSubstring.swift in Sources */,
				EE81BDE61EE8CFF600E662ED /* BinarySearchTreeIterator.swift in Sources */,
				EEBD1E7E1EF4693F001FB32F /* CountAndSay.swift in Sources */,
				EE69A4DB1EE45E9000FE95BB /* TreeInorderTraversal.swift in Sources */,
				EE3126371EDB23D7004ACACF /* WordLadder.swift in Sources */,
				EEBD1E921EF475AA001FB32F /* MergeSortedArray.swift in Sources */,
				EEBD1E5D1EF0A30D001FB32F /* SplitArrayLargestSum.swift in Sources */,
				EEBD1E191EEC5D8C001FB32F /* GroupAnagrams.swift in Sources */,
				EEBD1E471EEF4B8F001FB32F /* WallsAndGates.swift in Sources */,
				EECF8D8D1EFC90ED003FC2D3 /* KNearestPointToOrigin.swift in Sources */,
				EE3D77371EE8D0A400490463 /* ContiguousArray.swift in Sources */,
				EE48E7E31EE13BB400C91A87 /* CancelableJob.swift in Sources */,
				EEBD1E171EEC581A001FB32F /* DecodeWays.swift in Sources */,
				EEBD1E5F1EF0C09A001FB32F /* LongestConsecutiveSequence.swift in Sources */,
				EEBD1E4F1EEF5BCA001FB32F /* OneEditDistance.swift in Sources */,
				EEBD1E411EEE1839001FB32F /* CombinationSum.swift in Sources */,
				EE3D77391EEA3B2900490463 /* ContinuousSubarraySum.swift in Sources */,
				EECF8D961EFEE150003FC2D3 /* TaskSchedular.swift in Sources */,
				EE81BDDE1EE7B9F700E662ED /* Subsets.swift in Sources */,
				EEBD1E2D1EECC17A001FB32F /* MultiplyStrings.swift in Sources */,
				EEBD1E5B1EF0A2E2001FB32F /* RemoveInvalidParentheses.swift in Sources */,
				EE81BDE01EE7BB2400E662ED /* MaximalRectangle.swift in Sources */,
				EE3126311ED55245004ACACF /* LowestCommonAncestor.swift in Sources */,
				EE81BDDA1EE7B4D300E662ED /* RemoveDuplicatesfromSortedArray.swift in Sources */,
				EECF8DA01F004B6B003FC2D3 /* IntersectionOfTwoArrayII.swift in Sources */,
				EEBD1E591EF0A26E001FB32F /* MergeKSortedLists.swift in Sources */,
				EEBD1E531EEF613E001FB32F /* GraphValidTree.swift in Sources */,
				EEBD1E881EF472DF001FB32F /* BinaryTreepaths.swift in Sources */,
				EE81BDE41EE8CF3500E662ED /* RegularExpressionMatching.swift in Sources */,
				EECF8D921EFDB74F003FC2D3 /* ShuffleAnArray.swift in Sources */,
				EECF8DA21F006A75003FC2D3 /* EditDistance.swift in Sources */,
				EEBD1E961EF47652001FB32F /* PalindromeLinkedList.swift in Sources */,
				EE69A4D91EE370AE00FE95BB /* TreeNode.swift in Sources */,
				EEBD1E8A1EF4738F001FB32F /* ValidPalindrome.swift in Sources */,
				EEBD1E3B1EEDF43E001FB32F /* IncreasengTripletSubSequence.swift in Sources */,
				EE69A4DD1EE49F4E00FE95BB /* FindView.swift in Sources */,
				EEBD1E6B1EF35750001FB32F /* AlienDictionary.swift in Sources */,
				EEA99D9F1ECE89D100CF65AD /* AddAndSearchWord.swift in Sources */,
				EEBD1E671EF33EF6001FB32F /* LRU.swift in Sources */,
				EE3126351ED9061E004ACACF /* RandomPickIndex.swift in Sources */,
				EEBD1E1B1EEC64D4001FB32F /* WordSearch.swift in Sources */,
				EE3D773B1EEA4C7400490463 /* TotalHammingDistance.swift in Sources */,
				EECF8D9C1F002A62003FC2D3 /* LongestIncreasingSubsequence.swift in Sources */,
				EE4C146C1F0497EF002F25C6 /* BinaryTreeLongestConsecutiveSequence.swift in Sources */,
				EE3126281ED3CD2C004ACACF /* WordBreak.swift in Sources */,
				EEBD1E511EEF5F08001FB32F /* InorderSuccessorinBST.swift in Sources */,
				EEBD1E631EF222E8001FB32F /* TreeNodeTraverse.swift in Sources */,
				EEBD1E821EF46A4B001FB32F /* BestTimeToSellStock.swift in Sources */,
			);
			runOnlyForDeploymentPostprocessing = 0;
		};
		EEA99D841ECE810400CF65AD /* Sources */ = {
			isa = PBXSourcesBuildPhase;
			buildActionMask = 2147483647;
			files = (
				EEA99D8D1ECE810400CF65AD /* FacebookInterviewTests.swift in Sources */,
			);
			runOnlyForDeploymentPostprocessing = 0;
		};
/* End PBXSourcesBuildPhase section */

/* Begin PBXTargetDependency section */
		EEA99D8A1ECE810400CF65AD /* PBXTargetDependency */ = {
			isa = PBXTargetDependency;
			target = EEA99D761ECE810400CF65AD /* FacebookInterview */;
			targetProxy = EEA99D891ECE810400CF65AD /* PBXContainerItemProxy */;
		};
/* End PBXTargetDependency section */

/* Begin PBXVariantGroup section */
		EEA99D801ECE810400CF65AD /* Main.storyboard */ = {
			isa = PBXVariantGroup;
			children = (
				EEA99D811ECE810400CF65AD /* Base */,
			);
			name = Main.storyboard;
			sourceTree = "<group>";
		};
/* End PBXVariantGroup section */

/* Begin XCBuildConfiguration section */
		EEA99D8F1ECE810400CF65AD /* Debug */ = {
			isa = XCBuildConfiguration;
			buildSettings = {
				ALWAYS_SEARCH_USER_PATHS = NO;
				CLANG_ANALYZER_NONNULL = YES;
				CLANG_ANALYZER_NUMBER_OBJECT_CONVERSION = YES_AGGRESSIVE;
				CLANG_CXX_LANGUAGE_STANDARD = "gnu++0x";
				CLANG_CXX_LIBRARY = "libc++";
				CLANG_ENABLE_MODULES = YES;
				CLANG_ENABLE_OBJC_ARC = YES;
				CLANG_WARN_BOOL_CONVERSION = YES;
				CLANG_WARN_CONSTANT_CONVERSION = YES;
				CLANG_WARN_DIRECT_OBJC_ISA_USAGE = YES_ERROR;
				CLANG_WARN_DOCUMENTATION_COMMENTS = YES;
				CLANG_WARN_EMPTY_BODY = YES;
				CLANG_WARN_ENUM_CONVERSION = YES;
				CLANG_WARN_INFINITE_RECURSION = YES;
				CLANG_WARN_INT_CONVERSION = YES;
				CLANG_WARN_OBJC_ROOT_CLASS = YES_ERROR;
				CLANG_WARN_SUSPICIOUS_MOVE = YES;
				CLANG_WARN_UNREACHABLE_CODE = YES;
				CLANG_WARN__DUPLICATE_METHOD_MATCH = YES;
				CODE_SIGN_IDENTITY = "-";
				COPY_PHASE_STRIP = NO;
				DEBUG_INFORMATION_FORMAT = dwarf;
				ENABLE_STRICT_OBJC_MSGSEND = YES;
				ENABLE_TESTABILITY = YES;
				GCC_C_LANGUAGE_STANDARD = gnu99;
				GCC_DYNAMIC_NO_PIC = NO;
				GCC_NO_COMMON_BLOCKS = YES;
				GCC_OPTIMIZATION_LEVEL = 0;
				GCC_PREPROCESSOR_DEFINITIONS = (
					"DEBUG=1",
					"$(inherited)",
				);
				GCC_WARN_64_TO_32_BIT_CONVERSION = YES;
				GCC_WARN_ABOUT_RETURN_TYPE = YES_ERROR;
				GCC_WARN_UNDECLARED_SELECTOR = YES;
				GCC_WARN_UNINITIALIZED_AUTOS = YES_AGGRESSIVE;
				GCC_WARN_UNUSED_FUNCTION = YES;
				GCC_WARN_UNUSED_VARIABLE = YES;
				MACOSX_DEPLOYMENT_TARGET = 10.12;
				MTL_ENABLE_DEBUG_INFO = YES;
				ONLY_ACTIVE_ARCH = YES;
				SDKROOT = macosx;
				SWIFT_ACTIVE_COMPILATION_CONDITIONS = DEBUG;
				SWIFT_OPTIMIZATION_LEVEL = "-Onone";
			};
			name = Debug;
		};
		EEA99D901ECE810400CF65AD /* Release */ = {
			isa = XCBuildConfiguration;
			buildSettings = {
				ALWAYS_SEARCH_USER_PATHS = NO;
				CLANG_ANALYZER_NONNULL = YES;
				CLANG_ANALYZER_NUMBER_OBJECT_CONVERSION = YES_AGGRESSIVE;
				CLANG_CXX_LANGUAGE_STANDARD = "gnu++0x";
				CLANG_CXX_LIBRARY = "libc++";
				CLANG_ENABLE_MODULES = YES;
				CLANG_ENABLE_OBJC_ARC = YES;
				CLANG_WARN_BOOL_CONVERSION = YES;
				CLANG_WARN_CONSTANT_CONVERSION = YES;
				CLANG_WARN_DIRECT_OBJC_ISA_USAGE = YES_ERROR;
				CLANG_WARN_DOCUMENTATION_COMMENTS = YES;
				CLANG_WARN_EMPTY_BODY = YES;
				CLANG_WARN_ENUM_CONVERSION = YES;
				CLANG_WARN_INFINITE_RECURSION = YES;
				CLANG_WARN_INT_CONVERSION = YES;
				CLANG_WARN_OBJC_ROOT_CLASS = YES_ERROR;
				CLANG_WARN_SUSPICIOUS_MOVE = YES;
				CLANG_WARN_UNREACHABLE_CODE = YES;
				CLANG_WARN__DUPLICATE_METHOD_MATCH = YES;
				CODE_SIGN_IDENTITY = "-";
				COPY_PHASE_STRIP = NO;
				DEBUG_INFORMATION_FORMAT = "dwarf-with-dsym";
				ENABLE_NS_ASSERTIONS = NO;
				ENABLE_STRICT_OBJC_MSGSEND = YES;
				GCC_C_LANGUAGE_STANDARD = gnu99;
				GCC_NO_COMMON_BLOCKS = YES;
				GCC_WARN_64_TO_32_BIT_CONVERSION = YES;
				GCC_WARN_ABOUT_RETURN_TYPE = YES_ERROR;
				GCC_WARN_UNDECLARED_SELECTOR = YES;
				GCC_WARN_UNINITIALIZED_AUTOS = YES_AGGRESSIVE;
				GCC_WARN_UNUSED_FUNCTION = YES;
				GCC_WARN_UNUSED_VARIABLE = YES;
				MACOSX_DEPLOYMENT_TARGET = 10.12;
				MTL_ENABLE_DEBUG_INFO = NO;
				SDKROOT = macosx;
				SWIFT_OPTIMIZATION_LEVEL = "-Owholemodule";
			};
			name = Release;
		};
		EEA99D921ECE810400CF65AD /* Debug */ = {
			isa = XCBuildConfiguration;
			buildSettings = {
				ASSETCATALOG_COMPILER_APPICON_NAME = AppIcon;
				COMBINE_HIDPI_IMAGES = YES;
				DEVELOPMENT_TEAM = H24WV8N3GG;
				INFOPLIST_FILE = FacebookInterview/Info.plist;
				LD_RUNPATH_SEARCH_PATHS = "$(inherited) @executable_path/../Frameworks";
				PRODUCT_BUNDLE_IDENTIFIER = com.yusheng.FacebookInterview;
				PRODUCT_NAME = "$(TARGET_NAME)";
				SWIFT_VERSION = 3.0;
			};
			name = Debug;
		};
		EEA99D931ECE810400CF65AD /* Release */ = {
			isa = XCBuildConfiguration;
			buildSettings = {
				ASSETCATALOG_COMPILER_APPICON_NAME = AppIcon;
				COMBINE_HIDPI_IMAGES = YES;
				DEVELOPMENT_TEAM = H24WV8N3GG;
				INFOPLIST_FILE = FacebookInterview/Info.plist;
				LD_RUNPATH_SEARCH_PATHS = "$(inherited) @executable_path/../Frameworks";
				PRODUCT_BUNDLE_IDENTIFIER = com.yusheng.FacebookInterview;
				PRODUCT_NAME = "$(TARGET_NAME)";
				SWIFT_VERSION = 3.0;
			};
			name = Release;
		};
		EEA99D951ECE810400CF65AD /* Debug */ = {
			isa = XCBuildConfiguration;
			buildSettings = {
				ALWAYS_EMBED_SWIFT_STANDARD_LIBRARIES = YES;
				BUNDLE_LOADER = "$(TEST_HOST)";
				COMBINE_HIDPI_IMAGES = YES;
				DEVELOPMENT_TEAM = H24WV8N3GG;
				INFOPLIST_FILE = FacebookInterviewTests/Info.plist;
				LD_RUNPATH_SEARCH_PATHS = "$(inherited) @executable_path/../Frameworks @loader_path/../Frameworks";
				PRODUCT_BUNDLE_IDENTIFIER = com.yusheng.FacebookInterviewTests;
				PRODUCT_NAME = "$(TARGET_NAME)";
				SWIFT_VERSION = 3.0;
				TEST_HOST = "$(BUILT_PRODUCTS_DIR)/FacebookInterview.app/Contents/MacOS/FacebookInterview";
			};
			name = Debug;
		};
		EEA99D961ECE810400CF65AD /* Release */ = {
			isa = XCBuildConfiguration;
			buildSettings = {
				ALWAYS_EMBED_SWIFT_STANDARD_LIBRARIES = YES;
				BUNDLE_LOADER = "$(TEST_HOST)";
				COMBINE_HIDPI_IMAGES = YES;
				DEVELOPMENT_TEAM = H24WV8N3GG;
				INFOPLIST_FILE = FacebookInterviewTests/Info.plist;
				LD_RUNPATH_SEARCH_PATHS = "$(inherited) @executable_path/../Frameworks @loader_path/../Frameworks";
				PRODUCT_BUNDLE_IDENTIFIER = com.yusheng.FacebookInterviewTests;
				PRODUCT_NAME = "$(TARGET_NAME)";
				SWIFT_VERSION = 3.0;
				TEST_HOST = "$(BUILT_PRODUCTS_DIR)/FacebookInterview.app/Contents/MacOS/FacebookInterview";
			};
			name = Release;
		};
/* End XCBuildConfiguration section */

/* Begin XCConfigurationList section */
		EEA99D721ECE810400CF65AD /* Build configuration list for PBXProject "FacebookInterview" */ = {
			isa = XCConfigurationList;
			buildConfigurations = (
				EEA99D8F1ECE810400CF65AD /* Debug */,
				EEA99D901ECE810400CF65AD /* Release */,
			);
			defaultConfigurationIsVisible = 0;
			defaultConfigurationName = Release;
		};
		EEA99D911ECE810400CF65AD /* Build configuration list for PBXNativeTarget "FacebookInterview" */ = {
			isa = XCConfigurationList;
			buildConfigurations = (
				EEA99D921ECE810400CF65AD /* Debug */,
				EEA99D931ECE810400CF65AD /* Release */,
			);
			defaultConfigurationIsVisible = 0;
			defaultConfigurationName = Release;
		};
		EEA99D941ECE810400CF65AD /* Build configuration list for PBXNativeTarget "FacebookInterviewTests" */ = {
			isa = XCConfigurationList;
			buildConfigurations = (
				EEA99D951ECE810400CF65AD /* Debug */,
				EEA99D961ECE810400CF65AD /* Release */,
			);
			defaultConfigurationIsVisible = 0;
			defaultConfigurationName = Release;
		};
/* End XCConfigurationList section */
	};
	rootObject = EEA99D6F1ECE810400CF65AD /* Project object */;
}
